
Microsoft Visual Studio Solution File, Format Version 12.00
# Visual Studio Version 16
VisualStudioVersion = 16.0.31321.278
MinimumVisualStudioVersion = 10.0.40219.1
Project("{FAE04EC0-301F-11D3-BF4B-00C04F79EFBC}") = "Points", "Points\Points.csproj", "{60BBCB9E-32F9-4B93-A5F3-E45D00C61D9F}"
EndProject
Global
	GlobalSection(SolutionConfigurationPlatforms) = preSolution
		Debug|Any CPU = Debug|Any CPU
		Release|Any CPU = Release|Any CPU
	EndGlobalSection
	GlobalSection(ProjectConfigurationPlatforms) = postSolution
		{60BBCB9E-32F9-4B93-A5F3-E45D00C61D9F}.Debug|Any CPU.ActiveCfg = Debug|Any CPU
		{60BBCB9E-32F9-4B93-A5F3-E45D00C61D9F}.Debug|Any CPU.Build.0 = Debug|Any CPU
		{60BBCB9E-32F9-4B93-A5F3-E45D00C61D9F}.Release|Any CPU.ActiveCfg = Release|Any CPU
		{60BBCB9E-32F9-4B93-A5F3-E45D00C61D9F}.Release|Any CPU.Build.0 = Release|Any CPU
	EndGlobalSection
	GlobalSection(SolutionProperties) = preSolution
		HideSolutionNode = FALSE
	EndGlobalSection
	GlobalSection(ExtensibilityGlobals) = postSolution
		SolutionGuid = {C67FADFC-A294-4743-BF69-B6732B969BBE}
	EndGlobalSection
EndGlobal
